{
  "version": 4,
  "terraform_version": "1.9.7",
  "serial": 27,
  "lineage": "6e74716b-9575-f68a-5b46-4cec6fe631f3",
  "outputs": {},
  "resources": [
    {
      "mode": "managed",
      "type": "aws_acm_certificate",
      "name": "this",
      "provider": "provider[\"registry.terraform.io/hashicorp/aws\"]",
      "instances": [
        {
          "schema_version": 0,
          "attributes": {
            "arn": "arn:aws:acm:us-east-1:000000000000:certificate/e8b25aae-1cf2-424e-b4ac-c05dbec393f9",
            "certificate_authority_arn": "",
            "certificate_body": null,
            "certificate_chain": null,
            "domain_name": "localstack.dev",
            "domain_validation_options": [
              {
                "domain_name": "localstack.dev",
                "resource_record_name": "_d930b28be6c5927595552b219965053e.localstack.dev.",
                "resource_record_type": "CNAME",
                "resource_record_value": "_c9edd76ee4a0e2a74388032f3861cc50.ykybfrwcxw.acm-validations.aws."
              }
            ],
            "early_renewal_duration": "",
            "id": "arn:aws:acm:us-east-1:000000000000:certificate/e8b25aae-1cf2-424e-b4ac-c05dbec393f9",
            "key_algorithm": "RSA_2048",
            "not_after": "2025-10-15T04:55:57Z",
            "not_before": "2024-10-15T04:55:57Z",
            "options": [
              {
                "certificate_transparency_logging_preference": "ENABLED"
              }
            ],
            "pending_renewal": false,
            "private_key": null,
            "renewal_eligibility": "INELIGIBLE",
            "renewal_summary": [],
            "status": "ISSUED",
            "subject_alternative_names": [
              "localstack.dev"
            ],
            "tags": {},
            "tags_all": {},
            "type": "AMAZON_ISSUED",
            "validation_emails": [],
            "validation_method": "DNS",
            "validation_option": []
          },
          "sensitive_attributes": [
            [
              {
                "type": "get_attr",
                "value": "private_key"
              }
            ]
          ],
          "private": "bnVsbA==",
          "create_before_destroy": true
        }
      ]
    },
    {
      "mode": "managed",
      "type": "aws_ecr_repository",
      "name": "this",
      "provider": "provider[\"registry.terraform.io/hashicorp/aws\"]",
      "instances": [
        {
          "schema_version": 0,
          "attributes": {
            "arn": "arn:aws:ecr:us-east-1:000000000000:repository/repo",
            "encryption_configuration": [
              {
                "encryption_type": "AES256",
                "kms_key": ""
              }
            ],
            "force_delete": null,
            "id": "repo",
            "image_scanning_configuration": [
              {
                "scan_on_push": false
              }
            ],
            "image_tag_mutability": "MUTABLE",
            "name": "repo",
            "registry_id": "000000000000",
            "repository_url": "000000000000.dkr.ecr.us-east-1.localhost.localstack.cloud:4566/repo",
            "tags": {},
            "tags_all": {},
            "timeouts": null
          },
          "sensitive_attributes": [],
          "private": "eyJlMmJmYjczMC1lY2FhLTExZTYtOGY4OC0zNDM2M2JjN2M0YzAiOnsiZGVsZXRlIjoxMjAwMDAwMDAwMDAwfX0="
        }
      ]
    },
    {
      "mode": "managed",
      "type": "aws_eks_cluster",
      "name": "this",
      "provider": "provider[\"registry.terraform.io/hashicorp/aws\"]",
      "instances": [
        {
          "schema_version": 1,
          "attributes": {
            "access_config": [],
            "arn": "arn:aws:eks:us-east-1:000000000000:cluster/eks-cluster",
            "bootstrap_self_managed_addons": true,
            "certificate_authority": [
              {
                "data": "LS0tLS1CRUdJTiBDRVJUSUZJQ0FURS0tLS0tCk1JSU1qVENDQ25XZ0F3SUJBZ0lRVS9KdHlNUVh2WGI0REs2WS9kWkNEVEFOQmdrcWhraUc5dzBCQVF3RkFEQkwKTVFzd0NRWURWUVFHRXdKQlZERVFNQTRHQTFVRUNoTUhXbVZ5YjFOVFRERXFNQ2dHQTFVRUF4TWhXbVZ5YjFOVApUQ0JTVTBFZ1JHOXRZV2x1SUZObFkzVnlaU0JUYVhSbElFTkJNQjRYRFRJME1Ea3dOekF3TURBd01Gb1hEVEkwCk1USXdOakl6TlRrMU9Wb3dKVEVqTUNFR0ExVUVBeE1hYkc5allXeG9iM04wTG14dlkyRnNjM1JoWTJzdVkyeHYKZFdRd2dnRWlNQTBHQ1NxR1NJYjNEUUVCQVFVQUE0SUJEd0F3Z2dFS0FvSUJBUUM4a2RsK1RTOG5OV3FPejlFMworWmNIOUt2QzYxdE02SjJkeVJHOUVMclVPck55UHd0VzhBdFJaallscnBidW96a0sxRmtJM29XK1ZCSWlVR1Z4CjQvNUdzMEZzSkZDak9TZmFOV2FoK05lOGg5UlJkaUZMZkFFUDcxekhlbXpEd0ZsalhvWTN3WkVHblJMa3NRNFkKb1NSc2FrZVZ2cTJhMzVUTTZzMUR1ampSYng1T2xIOENWSVpyanJXK2oyRHBCODdXNVM4UVZ3K04vREppY3lMLwpQaTlTN29FTklEdlFMaFRsYUdUaDAwc2ZhcUIvWFJtSXBHK3hKamlDUy8yaEdPS2RsNzVIQTMyYkt4Wms0azFvCnZlem1mUUw4RmdwRU5ka0tHVjc3ZXV1bGVndVFtbmFieEQ2SzRTRmRFMStVTCtlek1uTXY2TnE5aVdZZWZLd1YKUXlSM0FnTUJBQUdqZ2dpUk1JSUlqVEFmQmdOVkhTTUVHREFXZ0JUSTJYaG9vdGtaYU5VOWN0NWZDajdjdFlhRwpwakFkQmdOVkhRNEVGZ1FVU1B3ZGQ3WnJtblQ4Ty9VV0ViQ2sybG1qci9Jd0RnWURWUjBQQVFIL0JBUURBZ1dnCk1Bd0dBMVVkRXdFQi93UUNNQUF3SFFZRFZSMGxCQll3RkFZSUt3WUJCUVVIQXdFR0NDc0dBUVVGQndNQ01Fa0cKQTFVZElBUkNNRUF3TkFZTEt3WUJCQUd5TVFFQ0FrNHdKVEFqQmdnckJnRUZCUWNDQVJZWGFIUjBjSE02THk5egpaV04wYVdkdkxtTnZiUzlEVUZNd0NBWUdaNEVNQVFJQk1JR0lCZ2dyQmdFRkJRY0JBUVI4TUhvd1N3WUlLd1lCCkJRVUhNQUtHUDJoMGRIQTZMeTk2WlhKdmMzTnNMbU55ZEM1elpXTjBhV2R2TG1OdmJTOWFaWEp2VTFOTVVsTkIKUkc5dFlXbHVVMlZqZFhKbFUybDBaVU5CTG1OeWREQXJCZ2dyQmdFRkJRY3dBWVlmYUhSMGNEb3ZMM3BsY205egpjMnd1YjJOemNDNXpaV04wYVdkdkxtTnZiVENDQVFRR0Npc0dBUVFCMW5rQ0JBSUVnZlVFZ2ZJQThBQjJBSGIvCmlEOEt0dnVWVWNKaHpQV0h1alMwcE0yN0tkeG9RZ3FmNW1kTVdqcDBBQUFCa2NuVitOOEFBQVFEQUVjd1JRSWgKQUtlWFpHUHBlbWJkOWFZRnFENUwrOGFGSW1qc0JxZE41RDJUdDJlQ2kxRTBBaUJCSGpGVHc1bklCSGpWajgzQwpXcERJU2JwdEZ6eVM4MlRFYzFMckhTM1NpUUIyQUQ4WFMwL1hJa2RZbEIxbEhJUytEUkx0a0RkL0g0VnE2OEcvCktJWHMrR1J1QUFBQmtjblYrSklBQUFRREFFY3dSUUlnUHRoNEhlKzVweG4xdk5qb2tQZEFlbDVRaHR6c0k2YkgKUWQ1cVJwZHJCWGdDSVFDYm9venBnUDZPNUR4L2Z0TWZqVStUYXUweEdnY1YvZjV4T1phdVpRWTFXVENDQmk0RwpBMVVkRVFTQ0JpVXdnZ1loZ2hwc2IyTmhiR2h2YzNRdWJHOWpZV3h6ZEdGamF5NWpiRzkxWklJbktpNWhiWEJzCmFXWjVZWEJ3TG14dlkyRnNhRzl6ZEM1c2IyTmhiSE4wWVdOckxtTnNiM1ZrZ2ljcUxtTnNiM1ZrWm5KdmJuUXUKYkc5allXeG9iM04wTG14dlkyRnNjM1JoWTJzdVkyeHZkV1NDTVNvdVpHdHlMbVZqY2k1bGRTMWpaVzUwY21GcwpMVEV1Ykc5allXeG9iM04wTG14dlkyRnNjM1JoWTJzdVkyeHZkV1NDTGlvdVpHdHlMbVZqY2k1bGRTMTNaWE4wCkxURXViRzlqWVd4b2IzTjBMbXh2WTJGc2MzUmhZMnN1WTJ4dmRXU0NMaW91Wkd0eUxtVmpjaTUxY3kxbFlYTjAKTFRFdWJHOWpZV3hvYjNOMExteHZZMkZzYzNSaFkyc3VZMnh2ZFdTQ0xpb3VaR3R5TG1WamNpNTFjeTFsWVhOMApMVEl1Ykc5allXeG9iM04wTG14dlkyRnNjM1JoWTJzdVkyeHZkV1NDTGlvdVpHdHlMbVZqY2k1MWN5MTNaWE4wCkxURXViRzlqWVd4b2IzTjBMbXh2WTJGc2MzUmhZMnN1WTJ4dmRXU0NMaW91Wkd0eUxtVmpjaTUxY3kxM1pYTjAKTFRJdWJHOWpZV3hvYjNOMExteHZZMkZzYzNSaFkyc3VZMnh2ZFdTQ0lDb3VaV3hpTG14dlkyRnNhRzl6ZEM1cwpiMk5oYkhOMFlXTnJMbU5zYjNWa2dqUXFMbVYxTFdObGJuUnlZV3d0TVM1dmNHVnVjMlZoY21Ob0xteHZZMkZzCmFHOXpkQzVzYjJOaGJITjBZV05yTG1Oc2IzVmtnakVxTG1WMUxYZGxjM1F0TVM1dmNHVnVjMlZoY21Ob0xteHYKWTJGc2FHOXpkQzVzYjJOaGJITjBZV05yTG1Oc2IzVmtnaWdxTG1WNFpXTjFkR1V0WVhCcExteHZZMkZzYUc5egpkQzVzYjJOaGJITjBZV05yTG1Oc2IzVmtnalFxTG14aGJXSmtZUzExY213dVpYVXRZMlZ1ZEhKaGJDMHhMbXh2ClkyRnNhRzl6ZEM1c2IyTmhiSE4wWVdOckxtTnNiM1ZrZ2pFcUxteGhiV0prWVMxMWNtd3VaWFV0ZDJWemRDMHgKTG14dlkyRnNhRzl6ZEM1c2IyTmhiSE4wWVdOckxtTnNiM1ZrZ2pFcUxteGhiV0prWVMxMWNtd3VkWE10WldGegpkQzB4TG14dlkyRnNhRzl6ZEM1c2IyTmhiSE4wWVdOckxtTnNiM1ZrZ2pFcUxteGhiV0prWVMxMWNtd3VkWE10ClpXRnpkQzB5TG14dlkyRnNhRzl6ZEM1c2IyTmhiSE4wWVdOckxtTnNiM1ZrZ2pFcUxteGhiV0prWVMxMWNtd3UKZFhNdGQyVnpkQzB4TG14dlkyRnNhRzl6ZEM1c2IyTmhiSE4wWVdOckxtTnNiM1ZrZ2pFcUxteGhiV0prWVMxMQpjbXd1ZFhNdGQyVnpkQzB5TG14dlkyRnNhRzl6ZEM1c2IyTmhiSE4wWVdOckxtTnNiM1ZrZ2h3cUxteHZZMkZzCmFHOXpkQzVzYjJOaGJITjBZV05yTG1Oc2IzVmtnaWNxTG05d1pXNXpaV0Z5WTJndWJHOWpZV3hvYjNOMExteHYKWTJGc2MzUmhZMnN1WTJ4dmRXU0NKeW91Y3pNdGQyVmljMmwwWlM1c2IyTmhiR2h2YzNRdWJHOWpZV3h6ZEdGagpheTVqYkc5MVpJSWZLaTV6TXk1c2IyTmhiR2h2YzNRdWJHOWpZV3h6ZEdGamF5NWpiRzkxWklJZ0tpNXpZMjB1CmJHOWpZV3hvYjNOMExteHZZMkZzYzNSaFkyc3VZMnh2ZFdTQ0ppb3VjMjV2ZDJac1lXdGxMbXh2WTJGc2FHOXoKZEM1c2IyTmhiSE4wWVdOckxtTnNiM1ZrZ2pFcUxuVnpMV1ZoYzNRdE1TNXZjR1Z1YzJWaGNtTm9MbXh2WTJGcwphRzl6ZEM1c2IyTmhiSE4wWVdOckxtTnNiM1ZrZ2pFcUxuVnpMV1ZoYzNRdE1pNXZjR1Z1YzJWaGNtTm9MbXh2ClkyRnNhRzl6ZEM1c2IyTmhiSE4wWVdOckxtTnNiM1ZrZ2pFcUxuVnpMWGRsYzNRdE1TNXZjR1Z1YzJWaGNtTm8KTG14dlkyRnNhRzl6ZEM1c2IyTmhiSE4wWVdOckxtTnNiM1ZrZ2pFcUxuVnpMWGRsYzNRdE1pNXZjR1Z1YzJWaApjbU5vTG14dlkyRnNhRzl6ZEM1c2IyTmhiSE4wWVdOckxtTnNiM1ZrZ2l0emNYTXVaWFV0WTJWdWRISmhiQzB4CkxteHZZMkZzYUc5emRDNXNiMk5oYkhOMFlXTnJMbU5zYjNWa2dpaHpjWE11WlhVdGQyVnpkQzB4TG14dlkyRnMKYUc5emRDNXNiMk5oYkhOMFlXTnJMbU5zYjNWa2dpaHpjWE11ZFhNdFpXRnpkQzB4TG14dlkyRnNhRzl6ZEM1cwpiMk5oYkhOMFlXTnJMbU5zYjNWa2dpaHpjWE11ZFhNdFpXRnpkQzB5TG14dlkyRnNhRzl6ZEM1c2IyTmhiSE4wCllXTnJMbU5zYjNWa2dpaHpjWE11ZFhNdGQyVnpkQzB4TG14dlkyRnNhRzl6ZEM1c2IyTmhiSE4wWVdOckxtTnMKYjNWa2dpaHpjWE11ZFhNdGQyVnpkQzB5TG14dlkyRnNhRzl6ZEM1c2IyTmhiSE4wWVdOckxtTnNiM1ZrTUEwRwpDU3FHU0liM0RRRUJEQVVBQTRJQ0FRQlFVaXV1aUl6bFBVTVorQkFzdGYrN0VMRWhnUWVPUm95dkIxeFo2YmZvCmtDU0hpS3ZYa3JralJ1Skt0aTVIVkU0WmRwL1dqUGdwa0ZFRENvcXVza2NXdUR2UXVFMDdtS3lLUmZIVXdlajYKbnpPa0UzbTBNM1JDMWtyTnhEK1NKTUpTYVRjMmlUdU4vdUlmSUhkMFFMbVlRdkxpTTA1cnA0THVrblhMVWZhagpFZ0hUbHovTVh6Y041TWRBaWVCdFZzZk5jTHlPVUJrUGpaNWgzSUpLa3c0eURiUDFlSGdsRmhxN2xHSFVVOGZICm1Qc0JKSWtZc3EwNm1Pd3lWQ3oyRUQ4eXFXSGlqSjBnT1E4Y0MxV1pIbER2RGlLYURRc3V3eEFRdFBxSnhqMEIKdUsrQmdnZlEyWUR1WUNMQkJvUWg5SXZ3MWtLcWJib09VNnBVTTQwRFhTWEZCc1B0YzdaUytrUXhBRXFtR1VhdwpwSzdoeExLNFZPRXNlNzN4L1BLNDZlbnFlS0NkNUpocFVNbklyYkExQW10WDM3VU84dkdZMkgrbVBONkZ1V0xuClQ1VFRLNkNXLythN051MWd6ejVOQUp0ODFIZWE2dUhQenZ6TGJSUzlUS0NuSFNFeVZVQlNKVzByeDN4TlBvU1YKeVZHVFdCWkVhT3NnWEUxMzE1V1ZoYXBjMXNEUkp2ZDBOazA2bVdadjZxL0lnT1kwUENHdUpQRDJJd0kxTURzdQpCMXZyNG9aRnA4bHRqY1dBRmJ5RC9HN3NVdTFHOTNQa21zNW5Lb3FTZVluaGZEODluSGpQZkJnNlhlakhVbEJ5CkhtekwwL1hDNzNTcDcyNjlSbUVxdVpWdHh2MWJ1b3ZDdmVrWkk0ZEpFNG1KbktVUVhOWHEvSXFBR1hOVVY5bGYKVWc9PQotLS0tLUVORCBDRVJUSUZJQ0FURS0tLS0tCi0tLS0tQkVHSU4gQ0VSVElGSUNBVEUtLS0tLQpNSUlHMVRDQ0JMMmdBd0lCQWdJUWJGV3IyOUFIa3NlZEJ3ellFWjdXdnpBTkJna3Foa2lHOXcwQkFRd0ZBRENCCmlERUxNQWtHQTFVRUJoTUNWVk14RXpBUkJnTlZCQWdUQ2s1bGR5QktaWEp6WlhreEZEQVNCZ05WQkFjVEMwcGwKY25ObGVTQkRhWFI1TVI0d0hBWURWUVFLRXhWVWFHVWdWVk5GVWxSU1ZWTlVJRTVsZEhkdmNtc3hMakFzQmdOVgpCQU1USlZWVFJWSlVjblZ6ZENCU1UwRWdRMlZ5ZEdsbWFXTmhkR2x2YmlCQmRYUm9iM0pwZEhrd0hoY05NakF3Ck1UTXdNREF3TURBd1doY05NekF3TVRJNU1qTTFPVFU1V2pCTE1Rc3dDUVlEVlFRR0V3SkJWREVRTUE0R0ExVUUKQ2hNSFdtVnliMU5UVERFcU1DZ0dBMVVFQXhNaFdtVnliMU5UVENCU1UwRWdSRzl0WVdsdUlGTmxZM1Z5WlNCVAphWFJsSUVOQk1JSUNJakFOQmdrcWhraUc5dzBCQVFFRkFBT0NBZzhBTUlJQ0NnS0NBZ0VBaG1semZxTzFNZGdqCjRXM2RwQlBUVkJYMUF1dmNBeUcxZmwwZFVudy9NZXVlQ1d6UldUaGVaMzVMVm85MWtMSTNERFZhWktXK1RCQXMKSkJqRWJZbU13Y1dTVFdZQ2c1MzM0U0YwK2N0REFzRnhzWCtyVERoOWtTckcvNG1wNk9TaHViTGFFSVVKaVpvNAp0ODczVHVTZDBXajVEV3QzRHRwQUc4VDM1bC92K3hyTjh1YjhQU1NvWDVWa2d3K2pXZjRLUXROdlVGTERxOG1GCldoVW5QTDZqSEFBRFhwdnM0bFROWXdPdHg5eVF0YnB4d1N0N1FKWTErSUNybVJKQjZCdUtSdC9qZkRKRjlKc2MKUlFWbEhJeFFkS0FKbDdvYVZuWGdEa3F0azJxZGRkM2tDRFhkNzRndjgxM0c5MXo3Q2pzR3lKOTNvSklsTlMzVQpnRmJENlY1NEpNZ1ozclNtb3RZYno5OG9aeFg3TUtidENtMWFKL3EraFR2MllLMXlNeHJuZmNpZUttT1lCYkZECmhuVzVPNlJNQTcwM2RCSzkyajZYUk4yRXR0TGtRdXVqWmd5K2pYUkt0YVdNSWxrTmtXSm1PaUhtRXJRbmdIdnQKaU5rSWNqSnVtcTFkZEZYNGlhVEk0MGE2emd2SUJ0eEZlRHMyUmZjYUg3M2VyN2N0TlVVcWdRVDVyRmdKaE1tRgp4NzZyUWdCNU9aVWtvZGI1azJleDdQK0d1NEo4NmJTMTUwOTRVdVljVjA5aFZla25tVGg1RXg5Q0JLaXBMUzJXCjJ3S0Jha2YrYVZZbk5DVTZTMG5BU3F0MnhyWnBHQzF2N3Y2RGh1ZXB5eUp0bjNxU1YyUG9CaVU1U3FsK2FBUnAKd1VpYlFNR200NGdqeU5EcURsVnArU2hMUWxVSDl4OENBd0VBQWFPQ0FYVXdnZ0Z4TUI4R0ExVWRJd1FZTUJhQQpGRk41djFxcUswclBWSURoMkp2QW5mS3lBMmJMTUIwR0ExVWREZ1FXQkJUSTJYaG9vdGtaYU5VOWN0NWZDajdjCnRZYUdwakFPQmdOVkhROEJBZjhFQkFNQ0FZWXdFZ1lEVlIwVEFRSC9CQWd3QmdFQi93SUJBREFkQmdOVkhTVUUKRmpBVUJnZ3JCZ0VGQlFjREFRWUlLd1lCQlFVSEF3SXdJZ1lEVlIwZ0JCc3dHVEFOQmdzckJnRUVBYkl4QVFJQwpUakFJQmdabmdRd0JBZ0V3VUFZRFZSMGZCRWt3UnpCRm9FT2dRWVkvYUhSMGNEb3ZMMk55YkM1MWMyVnlkSEoxCmMzUXVZMjl0TDFWVFJWSlVjblZ6ZEZKVFFVTmxjblJwWm1sallYUnBiMjVCZFhSb2IzSnBkSGt1WTNKc01IWUcKQ0NzR0FRVUZCd0VCQkdvd2FEQS9CZ2dyQmdFRkJRY3dBb1l6YUhSMGNEb3ZMMk55ZEM1MWMyVnlkSEoxYzNRdQpZMjl0TDFWVFJWSlVjblZ6ZEZKVFFVRmtaRlJ5ZFhOMFEwRXVZM0owTUNVR0NDc0dBUVVGQnpBQmhobG9kSFJ3Ck9pOHZiMk56Y0M1MWMyVnlkSEoxYzNRdVkyOXRNQTBHQ1NxR1NJYjNEUUVCREFVQUE0SUNBUUFWRHdvSXpRRFYKZXJjVDBlWXFaakJOSjhWTld3VkZsUU90WkVScW41aVduRVZhTFpaZHp4bGJ2ejJGeDBFeFVOdVVFZ1lrSVZNNApZb2NLa0NRN2hPNW5vaWNvcS9EckVZSDVJdU5jdVcxSThKSlo5REx1QjFmWXZJSGxaMkpHNDZpTmJWS0EzeWdBCkV6ODZSdkRRbHQyQzQ5NHFxUFZJdFJqcno5WWxKRUdUMERydHR5QXBxMFlMRkR6ZitaMXBrTWhoN2MrN2ZYZUoKcW1JaGZKcGR1S2M4SEVRa1lRUVNoZW40MjZTM0gwSnJJQWJLY0JDaXlZRnVPaGZ5dnV3VkNGRGZGdnJqQURqZAo0algxdVFYZDE2MUl5RlJibTg5czJPajVvVTF3RFl6NXN4K2hvQ3VoNmxTcysvdVB1V29tSXEzeTFHREZOYWZXCitMc0hCVTE2bFFvNVEyeWgyNWxhUXNLUmd5UG1NcEhKOThlZG02eTJzSFVhYkFTbVJIeHZHaXV3d0UyNWFEVTAKMlNBZWVweUltSjJDekI4MFlHN1d4bHluSHFOaHBFN3hmQzdQelFsTGdtZkVIZFUrdEhGZVFhelJRbnJGa1cyVwprcVJHSXE3Y0tSbnl5cHZqUE1ramVpVjlsUmRBTTlmU0p2c0Izc3ZVdXUxY29JRzF4eEkxeWVnb0dNNHI1UVA0ClJHSVZ2WWFpSTc2QzBkam9TYlEvZGtJVVVYUXVCOEFMNWp5SDM0ZzNCWmFhWHl2cG1uVjRpbHBwTVhWQW5BWUcKT041MVdoSjZXMHhOZE5Kd3pZQVNaWUgrdG1DV0krTjYwR3YyTk5NR0h3TVo3ZTliWGd6VUNaSDVGYUJGREdSNQpTOVZXcUhCNzNRK095SVZ2SWJLWWNTYzJ3L2FTdUZLR1NBPT0KLS0tLS1FTkQgQ0VSVElGSUNBVEUtLS0tLQotLS0tLUJFR0lOIENFUlRJRklDQVRFLS0tLS0KTUlJRmdUQ0NCR21nQXdJQkFnSVFPWEpFT3ZraXQxSFgwMndRM1RFMWxUQU5CZ2txaGtpRzl3MEJBUXdGQURCNwpNUXN3Q1FZRFZRUUdFd0pIUWpFYk1Ca0dBMVVFQ0F3U1IzSmxZWFJsY2lCTllXNWphR1Z6ZEdWeU1SQXdEZ1lEClZRUUhEQWRUWVd4bWIzSmtNUm93R0FZRFZRUUtEQkZEYjIxdlpHOGdRMEVnVEdsdGFYUmxaREVoTUI4R0ExVUUKQXd3WVFVRkJJRU5sY25ScFptbGpZWFJsSUZObGNuWnBZMlZ6TUI0WERURTVNRE14TWpBd01EQXdNRm9YRFRJNApNVEl6TVRJek5UazFPVm93Z1lneEN6QUpCZ05WQkFZVEFsVlRNUk13RVFZRFZRUUlFd3BPWlhjZ1NtVnljMlY1Ck1SUXdFZ1lEVlFRSEV3dEtaWEp6WlhrZ1EybDBlVEVlTUJ3R0ExVUVDaE1WVkdobElGVlRSVkpVVWxWVFZDQk8KWlhSM2IzSnJNUzR3TEFZRFZRUURFeVZWVTBWU1ZISjFjM1FnVWxOQklFTmxjblJwWm1sallYUnBiMjRnUVhWMAphRzl5YVhSNU1JSUNJakFOQmdrcWhraUc5dzBCQVFFRkFBT0NBZzhBTUlJQ0NnS0NBZ0VBZ0JKbEZ6WU93OXNJCnM5Q3NWdzEyN2MwbjAweXRVSU5oNHFvZ1RRa3RaQW5jem9tZnpEMnA3UGJQd2R6eDA3SFdlemNvRVN0SDJqbkcKdkRvWnRGK212WDJkbzJOQ3RuYnlxVHNya2ZqaWI5RHNGaUNRQ1Q3aTZIVEpHTFNSMUdKazIzK2pCdkdJR0dxUQpJank4L2hQd2h4Ujc5dVFmanRUa1VjWVJaMFlJVWN1R0ZGUS92RFArZm15Yy94YWRHTDFSampXbXAyYkljbWZiCklXYXgxSnQ0QThCUU91ak04Tnk4bmt6K3J3V1dOUjlYV3JmL3p2azl0eXkyOWxUZHlPY1NPazJ1VElxM1hKcTAKdHlBOXluOGlOSzUrTzJobUFVVG5BVTVHVTVzellQZVV2bE0za0hORDh6TERVKy9icXY1MFRtbkhhNHhnazk3RQp4d3pmNFRLdXpKTTdVWGlWWjR2dVBWYitETkJwRHhzUDh5VW1hek50OTI1SCtuTkQ1WDRPcFdheEtYd3loR05WCmljUU53Wk5VTUJrVHJOTjlONmZyWFRwc05WemJRZGNTMnFsSkM5L1lnSW9KazJLT3RXYlBKWWpOaExpeFA2UTUKRDlrQ251c1NUSlY4ODJzRnFWNFdnOHk0WitMb0U1M01XNExUVExQdFcvL2U1WE9zSXpzdEFMODFWWFFKU2RoSgpXQnAva2pibVVaSU84eVo5SEUwWHZNbnNReWJRdjBGZlFLbEVSUFNaNTFlSG5sQWZWMVNvUHYxMFl5K3hVR1VKCjVsaENMa01hVExUd0pVZForZ1FlazlRbVJrcFFnYkxldm5pMy9HY1Y0Y2xYaEI0UFk5YnBZcnJXWDFVdTZsekcKS0FnRUpUbTREaXVwOGt5WEhBYy9EVkwxN2U4dmdnOENBd0VBQWFPQjhqQ0I3ekFmQmdOVkhTTUVHREFXZ0JTZwpFUW9qUHBieEIremlyeW52Z3FWLzBEQ2t0REFkQmdOVkhRNEVGZ1FVVTNtL1dxb3JTczlVZ09IWW04Q2Q4cklEClpzc3dEZ1lEVlIwUEFRSC9CQVFEQWdHR01BOEdBMVVkRXdFQi93UUZNQU1CQWY4d0VRWURWUjBnQkFvd0NEQUcKQmdSVkhTQUFNRU1HQTFVZEh3UThNRG93T0tBMm9EU0dNbWgwZEhBNkx5OWpjbXd1WTI5dGIyUnZZMkV1WTI5dApMMEZCUVVObGNuUnBabWxqWVhSbFUyVnlkbWxqWlhNdVkzSnNNRFFHQ0NzR0FRVUZCd0VCQkNnd0pqQWtCZ2dyCkJnRUZCUWN3QVlZWWFIUjBjRG92TDI5amMzQXVZMjl0YjJSdlkyRXVZMjl0TUEwR0NTcUdTSWIzRFFFQkRBVUEKQTRJQkFRQVloMUhjZENFOW5JcmdKN2N6MEM3TTdQRG15MTRSM2lKdm0zV09ubkwrNU5iK3FoK2NsaTN2QTBwKwpydlNOYjNJOFF6dkFQK3U0MzF5cXFjYXU4dnpZN3FON1EvYUdObndVNE0zMDl6LyszcmkwaXZDUmx2NzlRMlIrCi9jelNBYUY5ZmZnWkdjbENLeE8vV0l1NnBLSm1CSGFJa1U0TWlSVE9vazNKTXJPNjZCUWF2SEh4Vy9CQkM1Z0EKQ2lJREVPVU1zZm5Oa2pjWjdUdng1RHEyK1VVVEpuV3Z1NnJ2UDN0M085TEVBcEU5R1FEVEYxdzUyejk3R0ExRgp6Wk9GbGk5ZDMxa1dUejlSdmRWRkdEL3RTbzdvQm1GMEl4YTFEVkJ6SjBSSGZ4QmRpU3ByaFRFVXhPaXBha3lBCnZHcDR6N2gvam5aeW1ReWQvdGVSQ0JhaG8xK1YKLS0tLS1FTkQgQ0VSVElGSUNBVEUtLS0tLQ=="
              }
            ],
            "cluster_id": null,
            "created_at": "2024-10-15T06:33:02Z",
            "enabled_cluster_log_types": [
              "api",
              "audit",
              "authenticator"
            ],
            "encryption_config": [],
            "endpoint": "https://localhost.localstack.cloud:4510",
            "id": "eks-cluster",
            "identity": [
              {
                "oidc": [
                  {
                    "issuer": "https://localhost.localstack.cloud/eks-oidc"
                  }
                ]
              }
            ],
            "kubernetes_network_config": [],
            "name": "eks-cluster",
            "outpost_config": [],
            "platform_version": "eks.5",
            "role_arn": "arn:aws:iam::000000000000:role/localstack-eks-role",
            "status": "ACTIVE",
            "tags": null,
            "tags_all": {},
            "timeouts": null,
            "upgrade_policy": [],
            "version": "1.22",
            "vpc_config": [
              {
                "cluster_security_group_id": "",
                "endpoint_private_access": false,
                "endpoint_public_access": true,
                "public_access_cidrs": [
                  "0.0.0.0/0"
                ],
                "security_group_ids": [
                  "sg-211f697011af8f336"
                ],
                "subnet_ids": [
                  "subnet-7912e110"
                ],
                "vpc_id": ""
              }
            ]
          },
          "sensitive_attributes": [],
          "private": "eyJlMmJmYjczMC1lY2FhLTExZTYtOGY4OC0zNDM2M2JjN2M0YzAiOnsiY3JlYXRlIjoxODAwMDAwMDAwMDAwLCJkZWxldGUiOjkwMDAwMDAwMDAwMCwidXBkYXRlIjozNjAwMDAwMDAwMDAwfSwic2NoZW1hX3ZlcnNpb24iOiIxIn0=",
          "dependencies": [
            "aws_iam_role.eks",
            "aws_security_group.eks_sg",
            "aws_subnet.eks",
            "aws_vpc.this"
          ]
        }
      ]
    },
    {
      "mode": "managed",
      "type": "aws_eks_node_group",
      "name": "this",
      "provider": "provider[\"registry.terraform.io/hashicorp/aws\"]",
      "instances": [
        {
          "schema_version": 0,
          "attributes": {
            "ami_type": "",
            "arn": "arn:aws:eks:us-east-1:000000000000:nodegroup/prod/eks-node-group/id123",
            "capacity_type": "",
            "cluster_name": "eks-cluster",
            "disk_size": 0,
            "force_update_version": null,
            "id": "eks-cluster:eks-node-group",
            "instance_types": [],
            "labels": null,
            "launch_template": [],
            "node_group_name": "eks-node-group",
            "node_group_name_prefix": "",
            "node_role_arn": "arn:aws:iam::000000000000:role/localstack-eks-node-role",
            "release_version": "",
            "remote_access": [],
            "resources": [],
            "scaling_config": [
              {
                "desired_size": 3,
                "max_size": 3,
                "min_size": 1
              }
            ],
            "status": "ACTIVE",
            "subnet_ids": [
              "subnet-7912e110"
            ],
            "tags": null,
            "tags_all": {},
            "taint": [],
            "timeouts": null,
            "update_config": [],
            "version": ""
          },
          "sensitive_attributes": [],
          "private": "eyJlMmJmYjczMC1lY2FhLTExZTYtOGY4OC0zNDM2M2JjN2M0YzAiOnsiY3JlYXRlIjozNjAwMDAwMDAwMDAwLCJkZWxldGUiOjM2MDAwMDAwMDAwMDAsInVwZGF0ZSI6MzYwMDAwMDAwMDAwMH19",
          "dependencies": [
            "aws_eks_cluster.this",
            "aws_iam_role.eks",
            "aws_iam_role.eks_node_role",
            "aws_security_group.eks_sg",
            "aws_subnet.eks",
            "aws_vpc.this"
          ]
        }
      ]
    },
    {
      "mode": "managed",
      "type": "aws_iam_role",
      "name": "eks",
      "provider": "provider[\"registry.terraform.io/hashicorp/aws\"]",
      "instances": [
        {
          "schema_version": 0,
          "attributes": {
            "arn": "arn:aws:iam::000000000000:role/localstack-eks-role",
            "assume_role_policy": "{\"Statement\":[{\"Action\":\"sts:AssumeRole\",\"Effect\":\"Allow\",\"Principal\":{\"Service\":\"eks.amazonaws.com\"},\"Sid\":\"\"}],\"Version\":\"2012-10-17\"}",
            "create_date": "2024-10-15T04:55:57Z",
            "description": "",
            "force_detach_policies": false,
            "id": "localstack-eks-role",
            "inline_policy": [],
            "managed_policy_arns": [
              "arn:aws:iam::aws:policy/AmazonEKSClusterPolicy",
              "arn:aws:iam::aws:policy/AmazonEKSVPCResourceController"
            ],
            "max_session_duration": 3600,
            "name": "localstack-eks-role",
            "name_prefix": "",
            "path": "/",
            "permissions_boundary": "",
            "tags": {},
            "tags_all": {},
            "unique_id": "AROAQAAAAAAADJ53GBDUX"
          },
          "sensitive_attributes": [],
          "private": "bnVsbA=="
        }
      ]
    },
    {
      "mode": "managed",
      "type": "aws_iam_role",
      "name": "eks_node_role",
      "provider": "provider[\"registry.terraform.io/hashicorp/aws\"]",
      "instances": [
        {
          "schema_version": 0,
          "attributes": {
            "arn": "arn:aws:iam::000000000000:role/localstack-eks-node-role",
            "assume_role_policy": "{\"Statement\":[{\"Action\":\"sts:AssumeRole\",\"Effect\":\"Allow\",\"Principal\":{\"Service\":\"ec2.amazonaws.com\"},\"Sid\":\"\"}],\"Version\":\"2012-10-17\"}",
            "create_date": "2024-10-15T04:55:57Z",
            "description": "",
            "force_detach_policies": false,
            "id": "localstack-eks-node-role",
            "inline_policy": [],
            "managed_policy_arns": [
              "arn:aws:iam::aws:policy/AmazonEC2ContainerRegistryReadOnly",
              "arn:aws:iam::aws:policy/AmazonEKSWorkerNodePolicy",
              "arn:aws:iam::aws:policy/AmazonEKS_CNI_Policy"
            ],
            "max_session_duration": 3600,
            "name": "localstack-eks-node-role",
            "name_prefix": "",
            "path": "/",
            "permissions_boundary": "",
            "tags": {},
            "tags_all": {},
            "unique_id": "AROAQAAAAAAAO5TOUAIRH"
          },
          "sensitive_attributes": [],
          "private": "bnVsbA=="
        }
      ]
    },
    {
      "mode": "managed",
      "type": "aws_iam_role_policy_attachment",
      "name": "eks_cluster_policy",
      "provider": "provider[\"registry.terraform.io/hashicorp/aws\"]",
      "instances": [
        {
          "schema_version": 0,
          "attributes": {
            "id": "localstack-eks-role-20241015045558412700000009",
            "policy_arn": "arn:aws:iam::aws:policy/AmazonEKSClusterPolicy",
            "role": "localstack-eks-role"
          },
          "sensitive_attributes": [],
          "private": "bnVsbA==",
          "dependencies": [
            "aws_iam_role.eks"
          ]
        }
      ]
    },
    {
      "mode": "managed",
      "type": "aws_iam_role_policy_attachment",
      "name": "eks_cni_policy",
      "provider": "provider[\"registry.terraform.io/hashicorp/aws\"]",
      "instances": [
        {
          "schema_version": 0,
          "attributes": {
            "id": "localstack-eks-node-role-20241015045558356700000006",
            "policy_arn": "arn:aws:iam::aws:policy/AmazonEKS_CNI_Policy",
            "role": "localstack-eks-node-role"
          },
          "sensitive_attributes": [],
          "private": "bnVsbA==",
          "dependencies": [
            "aws_iam_role.eks_node_role"
          ]
        }
      ]
    },
    {
      "mode": "managed",
      "type": "aws_iam_role_policy_attachment",
      "name": "eks_registry_policy",
      "provider": "provider[\"registry.terraform.io/hashicorp/aws\"]",
      "instances": [
        {
          "schema_version": 0,
          "attributes": {
            "id": "localstack-eks-node-role-20241015045558347600000005",
            "policy_arn": "arn:aws:iam::aws:policy/AmazonEC2ContainerRegistryReadOnly",
            "role": "localstack-eks-node-role"
          },
          "sensitive_attributes": [],
          "private": "bnVsbA==",
          "dependencies": [
            "aws_iam_role.eks_node_role"
          ]
        }
      ]
    },
    {
      "mode": "managed",
      "type": "aws_iam_role_policy_attachment",
      "name": "eks_vpc_controller",
      "provider": "provider[\"registry.terraform.io/hashicorp/aws\"]",
      "instances": [
        {
          "schema_version": 0,
          "attributes": {
            "id": "localstack-eks-role-20241015045558407000000008",
            "policy_arn": "arn:aws:iam::aws:policy/AmazonEKSVPCResourceController",
            "role": "localstack-eks-role"
          },
          "sensitive_attributes": [],
          "private": "bnVsbA==",
          "dependencies": [
            "aws_iam_role.eks"
          ]
        }
      ]
    },
    {
      "mode": "managed",
      "type": "aws_iam_role_policy_attachment",
      "name": "eks_worker_node_policy",
      "provider": "provider[\"registry.terraform.io/hashicorp/aws\"]",
      "instances": [
        {
          "schema_version": 0,
          "attributes": {
            "id": "localstack-eks-node-role-20241015045558343500000004",
            "policy_arn": "arn:aws:iam::aws:policy/AmazonEKSWorkerNodePolicy",
            "role": "localstack-eks-node-role"
          },
          "sensitive_attributes": [],
          "private": "bnVsbA==",
          "dependencies": [
            "aws_iam_role.eks_node_role"
          ]
        }
      ]
    },
    {
      "mode": "managed",
      "type": "aws_route53_record",
      "name": "validation",
      "provider": "provider[\"registry.terraform.io/hashicorp/aws\"]",
      "instances": [
        {
          "index_key": 0,
          "schema_version": 2,
          "attributes": {
            "alias": [],
            "allow_overwrite": null,
            "cidr_routing_policy": [],
            "failover_routing_policy": [],
            "fqdn": "_d930b28be6c5927595552b219965053e.localstack.dev",
            "geolocation_routing_policy": [],
            "geoproximity_routing_policy": [],
            "health_check_id": "",
            "id": "VVY59BGRWDH6GFZ__d930b28be6c5927595552b219965053e.localstack.dev._CNAME",
            "latency_routing_policy": [],
            "multivalue_answer_routing_policy": false,
            "name": "_d930b28be6c5927595552b219965053e.localstack.dev",
            "records": [
              "_c9edd76ee4a0e2a74388032f3861cc50.ykybfrwcxw.acm-validations.aws."
            ],
            "set_identifier": "",
            "ttl": 60,
            "type": "CNAME",
            "weighted_routing_policy": [],
            "zone_id": "VVY59BGRWDH6GFZ"
          },
          "sensitive_attributes": [],
          "private": "eyJzY2hlbWFfdmVyc2lvbiI6IjIifQ==",
          "dependencies": [
            "aws_acm_certificate.this",
            "aws_route53_zone.localstack_dev"
          ]
        }
      ]
    },
    {
      "mode": "managed",
      "type": "aws_route53_zone",
      "name": "localstack_dev",
      "provider": "provider[\"registry.terraform.io/hashicorp/aws\"]",
      "instances": [
        {
          "schema_version": 0,
          "attributes": {
            "arn": "arn:aws:route53:::hostedzone/VVY59BGRWDH6GFZ",
            "comment": "Managed by Terraform",
            "delegation_set_id": "",
            "force_destroy": false,
            "id": "VVY59BGRWDH6GFZ",
            "name": "localstack.dev",
            "name_servers": [
              "dns.localhost.localstack.cloud"
            ],
            "primary_name_server": "dns.localhost.localstack.cloud",
            "tags": {},
            "tags_all": {},
            "vpc": [],
            "zone_id": "VVY59BGRWDH6GFZ"
          },
          "sensitive_attributes": [],
          "private": "bnVsbA=="
        }
      ]
    },
    {
      "mode": "managed",
      "type": "aws_secretsmanager_secret",
      "name": "grafana_admin",
      "provider": "provider[\"registry.terraform.io/hashicorp/aws\"]",
      "instances": [
        {
          "schema_version": 0,
          "attributes": {
            "arn": "arn:aws:secretsmanager:us-east-1:000000000000:secret:grafana-ZCwcyj",
            "description": "Grafana admin user",
            "force_overwrite_replica_secret": false,
            "id": "arn:aws:secretsmanager:us-east-1:000000000000:secret:grafana-ZCwcyj",
            "kms_key_id": "",
            "name": "grafana",
            "name_prefix": "",
            "policy": "",
            "recovery_window_in_days": 30,
            "replica": [],
            "tags": {
              "Application": "grafana",
              "Environment": "localstack"
            },
            "tags_all": {
              "Application": "grafana",
              "Environment": "localstack"
            }
          },
          "sensitive_attributes": [],
          "private": "bnVsbA=="
        }
      ]
    },
    {
      "mode": "managed",
      "type": "aws_secretsmanager_secret_version",
      "name": "grafana_admin",
      "provider": "provider[\"registry.terraform.io/hashicorp/aws\"]",
      "instances": [
        {
          "schema_version": 0,
          "attributes": {
            "arn": "arn:aws:secretsmanager:us-east-1:000000000000:secret:grafana-ZCwcyj",
            "id": "arn:aws:secretsmanager:us-east-1:000000000000:secret:grafana-ZCwcyj|terraform-20241015045558401800000007",
            "secret_binary": "",
            "secret_id": "arn:aws:secretsmanager:us-east-1:000000000000:secret:grafana-ZCwcyj",
            "secret_string": "yLN?9*B3oX=LqeE(",
            "version_id": "terraform-20241015045558401800000007",
            "version_stages": [
              "AWSCURRENT"
            ]
          },
          "sensitive_attributes": [
            [
              {
                "type": "get_attr",
                "value": "secret_binary"
              }
            ],
            [
              {
                "type": "get_attr",
                "value": "secret_string"
              }
            ]
          ],
          "private": "bnVsbA==",
          "dependencies": [
            "aws_secretsmanager_secret.grafana_admin",
            "random_password.grafana_admin"
          ]
        }
      ]
    },
    {
      "mode": "managed",
      "type": "aws_security_group",
      "name": "eks_sg",
      "provider": "provider[\"registry.terraform.io/hashicorp/aws\"]",
      "instances": [
        {
          "schema_version": 1,
          "attributes": {
            "arn": "arn:aws:ec2:us-east-1:000000000000:security-group/sg-211f697011af8f336",
            "description": "Allow EKS access",
            "egress": [
              {
                "cidr_blocks": [
                  "0.0.0.0/0"
                ],
                "description": "",
                "from_port": 0,
                "ipv6_cidr_blocks": [],
                "prefix_list_ids": [],
                "protocol": "-1",
                "security_groups": [],
                "self": false,
                "to_port": 0
              }
            ],
            "id": "sg-211f697011af8f336",
            "ingress": [
              {
                "cidr_blocks": [
                  "0.0.0.0/0"
                ],
                "description": "",
                "from_port": 0,
                "ipv6_cidr_blocks": [],
                "prefix_list_ids": [],
                "protocol": "-1",
                "security_groups": [],
                "self": false,
                "to_port": 0
              }
            ],
            "name": "eks-sg",
            "name_prefix": "",
            "owner_id": "000000000000",
            "revoke_rules_on_delete": false,
            "tags": {},
            "tags_all": {},
            "timeouts": null,
            "vpc_id": "vpc-1ccfc41e"
          },
          "sensitive_attributes": [],
          "private": "eyJlMmJmYjczMC1lY2FhLTExZTYtOGY4OC0zNDM2M2JjN2M0YzAiOnsiY3JlYXRlIjo2MDAwMDAwMDAwMDAsImRlbGV0ZSI6OTAwMDAwMDAwMDAwfSwic2NoZW1hX3ZlcnNpb24iOiIxIn0=",
          "dependencies": [
            "aws_vpc.this"
          ]
        }
      ]
    },
    {
      "mode": "managed",
      "type": "aws_subnet",
      "name": "app",
      "provider": "provider[\"registry.terraform.io/hashicorp/aws\"]",
      "instances": [
        {
          "schema_version": 1,
          "attributes": {
            "arn": "arn:aws:ec2:us-east-1:000000000000:subnet/subnet-45f14a5b",
            "assign_ipv6_address_on_creation": false,
            "availability_zone": "us-east-1a",
            "availability_zone_id": "use1-az6",
            "cidr_block": "10.0.2.0/24",
            "customer_owned_ipv4_pool": "",
            "enable_dns64": false,
            "enable_lni_at_device_index": 0,
            "enable_resource_name_dns_a_record_on_launch": false,
            "enable_resource_name_dns_aaaa_record_on_launch": false,
            "id": "subnet-45f14a5b",
            "ipv6_cidr_block": "",
            "ipv6_cidr_block_association_id": "",
            "ipv6_native": false,
            "map_customer_owned_ip_on_launch": false,
            "map_public_ip_on_launch": false,
            "outpost_arn": "",
            "owner_id": "000000000000",
            "private_dns_hostname_type_on_launch": "ip-name",
            "tags": {},
            "tags_all": {},
            "timeouts": null,
            "vpc_id": "vpc-1ccfc41e"
          },
          "sensitive_attributes": [],
          "private": "eyJlMmJmYjczMC1lY2FhLTExZTYtOGY4OC0zNDM2M2JjN2M0YzAiOnsiY3JlYXRlIjo2MDAwMDAwMDAwMDAsImRlbGV0ZSI6MTIwMDAwMDAwMDAwMH0sInNjaGVtYV92ZXJzaW9uIjoiMSJ9",
          "dependencies": [
            "aws_vpc.this"
          ]
        }
      ]
    },
    {
      "mode": "managed",
      "type": "aws_subnet",
      "name": "eks",
      "provider": "provider[\"registry.terraform.io/hashicorp/aws\"]",
      "instances": [
        {
          "schema_version": 1,
          "attributes": {
            "arn": "arn:aws:ec2:us-east-1:000000000000:subnet/subnet-7912e110",
            "assign_ipv6_address_on_creation": false,
            "availability_zone": "us-east-1a",
            "availability_zone_id": "use1-az6",
            "cidr_block": "10.0.3.0/24",
            "customer_owned_ipv4_pool": "",
            "enable_dns64": false,
            "enable_lni_at_device_index": 0,
            "enable_resource_name_dns_a_record_on_launch": false,
            "enable_resource_name_dns_aaaa_record_on_launch": false,
            "id": "subnet-7912e110",
            "ipv6_cidr_block": "",
            "ipv6_cidr_block_association_id": "",
            "ipv6_native": false,
            "map_customer_owned_ip_on_launch": false,
            "map_public_ip_on_launch": false,
            "outpost_arn": "",
            "owner_id": "000000000000",
            "private_dns_hostname_type_on_launch": "ip-name",
            "tags": {},
            "tags_all": {},
            "timeouts": null,
            "vpc_id": "vpc-1ccfc41e"
          },
          "sensitive_attributes": [],
          "private": "eyJlMmJmYjczMC1lY2FhLTExZTYtOGY4OC0zNDM2M2JjN2M0YzAiOnsiY3JlYXRlIjo2MDAwMDAwMDAwMDAsImRlbGV0ZSI6MTIwMDAwMDAwMDAwMH0sInNjaGVtYV92ZXJzaW9uIjoiMSJ9",
          "dependencies": [
            "aws_vpc.this"
          ]
        }
      ]
    },
    {
      "mode": "managed",
      "type": "aws_vpc",
      "name": "this",
      "provider": "provider[\"registry.terraform.io/hashicorp/aws\"]",
      "instances": [
        {
          "schema_version": 1,
          "attributes": {
            "arn": "arn:aws:ec2:us-east-1:000000000000:vpc/vpc-1ccfc41e",
            "assign_generated_ipv6_cidr_block": false,
            "cidr_block": "10.0.0.0/16",
            "default_network_acl_id": "acl-5bee5ebc",
            "default_route_table_id": "rtb-26e19882",
            "default_security_group_id": "sg-0811967f67b136075",
            "dhcp_options_id": "default",
            "enable_dns_hostnames": false,
            "enable_dns_support": true,
            "enable_network_address_usage_metrics": false,
            "id": "vpc-1ccfc41e",
            "instance_tenancy": "default",
            "ipv4_ipam_pool_id": null,
            "ipv4_netmask_length": null,
            "ipv6_association_id": "",
            "ipv6_cidr_block": "",
            "ipv6_cidr_block_network_border_group": "",
            "ipv6_ipam_pool_id": "",
            "ipv6_netmask_length": 0,
            "main_route_table_id": "rtb-26e19882",
            "owner_id": "000000000000",
            "tags": {},
            "tags_all": {}
          },
          "sensitive_attributes": [],
          "private": "eyJzY2hlbWFfdmVyc2lvbiI6IjEifQ=="
        }
      ]
    },
    {
      "mode": "managed",
      "type": "random_password",
      "name": "grafana_admin",
      "provider": "provider[\"registry.terraform.io/hashicorp/random\"]",
      "instances": [
        {
          "schema_version": 3,
          "attributes": {
            "bcrypt_hash": "$2a$10$rYUfDcpd5dmQd5eS6D30ROszOrRCROApQS7sRCg2DKgthGGRk4R2W",
            "id": "none",
            "keepers": null,
            "length": 16,
            "lower": true,
            "min_lower": 0,
            "min_numeric": 0,
            "min_special": 0,
            "min_upper": 0,
            "number": true,
            "numeric": true,
            "override_special": null,
            "result": "yLN?9*B3oX=LqeE(",
            "special": true,
            "upper": true
          },
          "sensitive_attributes": [
            [
              {
                "type": "get_attr",
                "value": "result"
              }
            ],
            [
              {
                "type": "get_attr",
                "value": "bcrypt_hash"
              }
            ]
          ]
        }
      ]
    }
  ],
  "check_results": null
}
